
Microsoft Visual Studio Solution File, Format Version 12.00
Project("{FAE04EC0-301F-11D3-BF4B-00C04F79EFBC}") = "EfLogic", "EfLogic\EfLogic.csproj", "{3D231F78-AF46-4F2B-AE25-A4F80F9C4862}"
EndProject
Project("{FAE04EC0-301F-11D3-BF4B-00C04F79EFBC}") = "Net5Project", "Net5Project\Net5Project.csproj", "{B48A123F-793A-4A56-AD4D-48EC96060560}"
EndProject
Project("{FAE04EC0-301F-11D3-BF4B-00C04F79EFBC}") = "Net6Project", "Net6Project\Net6Project.csproj", "{13657E85-D32B-4B80-B3C7-E33CEF28100F}"
EndProject
Global
	GlobalSection(SolutionConfigurationPlatforms) = preSolution
		Debug|Any CPU = Debug|Any CPU
		Release|Any CPU = Release|Any CPU
	EndGlobalSection
	GlobalSection(ProjectConfigurationPlatforms) = postSolution
		{3D231F78-AF46-4F2B-AE25-A4F80F9C4862}.Debug|Any CPU.ActiveCfg = Debug|Any CPU
		{3D231F78-AF46-4F2B-AE25-A4F80F9C4862}.Debug|Any CPU.Build.0 = Debug|Any CPU
		{3D231F78-AF46-4F2B-AE25-A4F80F9C4862}.Release|Any CPU.ActiveCfg = Release|Any CPU
		{3D231F78-AF46-4F2B-AE25-A4F80F9C4862}.Release|Any CPU.Build.0 = Release|Any CPU
		{B48A123F-793A-4A56-AD4D-48EC96060560}.Debug|Any CPU.ActiveCfg = Debug|Any CPU
		{B48A123F-793A-4A56-AD4D-48EC96060560}.Debug|Any CPU.Build.0 = Debug|Any CPU
		{B48A123F-793A-4A56-AD4D-48EC96060560}.Release|Any CPU.ActiveCfg = Release|Any CPU
		{B48A123F-793A-4A56-AD4D-48EC96060560}.Release|Any CPU.Build.0 = Release|Any CPU
		{13657E85-D32B-4B80-B3C7-E33CEF28100F}.Debug|Any CPU.ActiveCfg = Debug|Any CPU
		{13657E85-D32B-4B80-B3C7-E33CEF28100F}.Debug|Any CPU.Build.0 = Debug|Any CPU
		{13657E85-D32B-4B80-B3C7-E33CEF28100F}.Release|Any CPU.ActiveCfg = Release|Any CPU
		{13657E85-D32B-4B80-B3C7-E33CEF28100F}.Release|Any CPU.Build.0 = Release|Any CPU
	EndGlobalSection
EndGlobal
